{
  "name": "cnb-openapi-skills",
  "version": "1.17.12",
  "lockfileVersion": 3,
  "requires": true,
  "packages": {
    "": {
      "name": "cnb-openapi-skills",
      "version": "1.17.12",
      "license": "MIT",
      "dependencies": {
        "cnb-openapi-skills": "^1.17.12"
      }
    },
    "node_modules/cnb-openapi-skills": {
      "version": "1.17.12",
      "resolved": "https://npm.cnb.cool/cnb/sdk/npm/-/packages/cnb-openapi-skills/-/cnb-openapi-skills-1.17.12.tgz",
      "integrity": "sha512-hNw4PZPUSa0hS9Uz9+A5MEAq2ugxLr0h9JjcGgtrnhRNkC2HhK3j8rPcGP3XcUbvz3dCmxE7Fk/zGiBaqrQJuQ==",
      "license": "MIT",
      "dependencies": {
        "cnb-openapi-skills": "^1.17.12"
      }
    }
  }
}
